// !$*UTF8*$!
{
	archiveVersion = 1;
	classes = {
	};
	objectVersion = 77;
	objects = {

/* Begin PBXBuildFile section */
		0DD4870C706C901535485F24 /* FanRowView.swift in Sources */ = {isa = PBXBuildFile; fileRef = 03336C4CA57BE9E0D2E34A4F /* FanRowView.swift */; };
		190178283C807A42769096B8 /* HelperProtocol.swift in Sources */ = {isa = PBXBuildFile; fileRef = 0308092D7A07FB744FF44C9C /* HelperProtocol.swift */; };
		25B8882E167F0950D9512600 /* HelperService.swift in Sources */ = {isa = PBXBuildFile; fileRef = FA36A27F0D81F320C187D438 /* HelperService.swift */; };
		28194167FB96EA0B481A381D /* FanMonitor.swift in Sources */ = {isa = PBXBuildFile; fileRef = 88E179E14C79DE543C0D6AC8 /* FanMonitor.swift */; };
		3DB0E675519EBB5BA5FF97F9 /* StatusBarController.swift in Sources */ = {isa = PBXBuildFile; fileRef = 53BAA0C6C32F6477EFB91400 /* StatusBarController.swift */; };
		47675C30F5462320B4D88D5C /* main.swift in Sources */ = {isa = PBXBuildFile; fileRef = 2A7DA63589467B23ADBD480F /* main.swift */; };
		48310CF51E72B033297C7EEE /* SMCTypes.swift in Sources */ = {isa = PBXBuildFile; fileRef = E1364E5B9F427B4742EF6369 /* SMCTypes.swift */; };
		5E82AE4D1A5F7EC28F217B00 /* SystemInfo.swift in Sources */ = {isa = PBXBuildFile; fileRef = 4CDCBD2E40644648C62219B3 /* SystemInfo.swift */; };
		632CA5E4DC982E62BBF4287A /* Launchd.plist in Resources */ = {isa = PBXBuildFile; fileRef = 7C8BCAAD9C88D81E293AD60A /* Launchd.plist */; };
		71C11B908697F60F753854B1 /* SMCKeys.swift in Sources */ = {isa = PBXBuildFile; fileRef = D6790BDD37571A7A0E8AD806 /* SMCKeys.swift */; };
		764E676710F4416207509454 /* HelperProtocol.swift in Sources */ = {isa = PBXBuildFile; fileRef = 0308092D7A07FB744FF44C9C /* HelperProtocol.swift */; };
		7AA75EFC17661174BFCB963B /* SMCConnection.swift in Sources */ = {isa = PBXBuildFile; fileRef = 10E50199B9E6E1B09F584DDB /* SMCConnection.swift */; };
		8F1E7479A037F2B43D1C5A58 /* SMCTypes.swift in Sources */ = {isa = PBXBuildFile; fileRef = E1364E5B9F427B4742EF6369 /* SMCTypes.swift */; };
		95E015C3F8C1E7AC79DB2A9D /* PopoverView.swift in Sources */ = {isa = PBXBuildFile; fileRef = 75E8DB23627266322E779C92 /* PopoverView.swift */; };
		A3B86E446A1DDDAC2AA5628A /* SMCKeys.swift in Sources */ = {isa = PBXBuildFile; fileRef = D6790BDD37571A7A0E8AD806 /* SMCKeys.swift */; };
		ADA5BC9C2975C935F527E078 /* FanInfo.swift in Sources */ = {isa = PBXBuildFile; fileRef = 25974588A47A7201ACD9281E /* FanInfo.swift */; };
		C5812C24394B58FE26A9E4A1 /* HelperInstaller.swift in Sources */ = {isa = PBXBuildFile; fileRef = 836F39DC0B66E048D6EA455C /* HelperInstaller.swift */; };
		D4C4273C6D7A3B2DF8AAE230 /* HelperDelegate.swift in Sources */ = {isa = PBXBuildFile; fileRef = 651FE6EE4C0B906A04825054 /* HelperDelegate.swift */; };
		D9FE57E3A0036AAB55A27708 /* AppSettings.swift in Sources */ = {isa = PBXBuildFile; fileRef = 775643F4CBB66E3CCE0D0320 /* AppSettings.swift */; };
		DEEB1416F31C6CC8A67293A8 /* HelperConnection.swift in Sources */ = {isa = PBXBuildFile; fileRef = ED35E585A369C87795697088 /* HelperConnection.swift */; };
		E608304518C6AA63B4458E31 /* TemperatureSensor.swift in Sources */ = {isa = PBXBuildFile; fileRef = 3D2D8F7F99D1732A7B470868 /* TemperatureSensor.swift */; };
		EA0446A1A75540C7125EF425 /* TemperatureRowView.swift in Sources */ = {isa = PBXBuildFile; fileRef = CA91A035CFBF188025BA4AB8 /* TemperatureRowView.swift */; };
		F1EA251AF512912B93F1D962 /* SystemInfoView.swift in Sources */ = {isa = PBXBuildFile; fileRef = F8360DA584BF5EE35EAAFADD /* SystemInfoView.swift */; };
		F2A1BE2E58AE4882B2142136 /* SMCConnection.swift in Sources */ = {isa = PBXBuildFile; fileRef = 10E50199B9E6E1B09F584DDB /* SMCConnection.swift */; };
		FD47060EA70D65052C82AD06 /* main.swift in Sources */ = {isa = PBXBuildFile; fileRef = 8505740A34F05BD6DB6F75EC /* main.swift */; };
/* End PBXBuildFile section */

/* Begin PBXContainerItemProxy section */
		28E2E794E011C03D8AD72811 /* PBXContainerItemProxy */ = {
			isa = PBXContainerItemProxy;
			containerPortal = CA2827B52A79D3700A0F75C5 /* Project object */;
			proxyType = 1;
			remoteGlobalIDString = 23233B3F63CAD494570DD58C;
			remoteInfo = com.timothymurphy.MacFanControl.Helper;
		};
/* End PBXContainerItemProxy section */

/* Begin PBXFileReference section */
		0308092D7A07FB744FF44C9C /* HelperProtocol.swift */ = {isa = PBXFileReference; lastKnownFileType = sourcecode.swift; path = HelperProtocol.swift; sourceTree = "<group>"; };
		03336C4CA57BE9E0D2E34A4F /* FanRowView.swift */ = {isa = PBXFileReference; lastKnownFileType = sourcecode.swift; path = FanRowView.swift; sourceTree = "<group>"; };
		10E50199B9E6E1B09F584DDB /* SMCConnection.swift */ = {isa = PBXFileReference; lastKnownFileType = sourcecode.swift; path = SMCConnection.swift; sourceTree = "<group>"; };
		25974588A47A7201ACD9281E /* FanInfo.swift */ = {isa = PBXFileReference; lastKnownFileType = sourcecode.swift; path = FanInfo.swift; sourceTree = "<group>"; };
		2A7DA63589467B23ADBD480F /* main.swift */ = {isa = PBXFileReference; lastKnownFileType = sourcecode.swift; path = main.swift; sourceTree = "<group>"; };
		3D2D8F7F99D1732A7B470868 /* TemperatureSensor.swift */ = {isa = PBXFileReference; lastKnownFileType = sourcecode.swift; path = TemperatureSensor.swift; sourceTree = "<group>"; };
		4CDCBD2E40644648C62219B3 /* SystemInfo.swift */ = {isa = PBXFileReference; lastKnownFileType = sourcecode.swift; path = SystemInfo.swift; sourceTree = "<group>"; };
		53BAA0C6C32F6477EFB91400 /* StatusBarController.swift */ = {isa = PBXFileReference; lastKnownFileType = sourcecode.swift; path = StatusBarController.swift; sourceTree = "<group>"; };
		651FE6EE4C0B906A04825054 /* HelperDelegate.swift */ = {isa = PBXFileReference; lastKnownFileType = sourcecode.swift; path = HelperDelegate.swift; sourceTree = "<group>"; };
		66CDB64E4594F2A746E4A5F0 /* Info.plist */ = {isa = PBXFileReference; lastKnownFileType = text.plist; path = Info.plist; sourceTree = "<group>"; };
		75E8DB23627266322E779C92 /* PopoverView.swift */ = {isa = PBXFileReference; lastKnownFileType = sourcecode.swift; path = PopoverView.swift; sourceTree = "<group>"; };
		775643F4CBB66E3CCE0D0320 /* AppSettings.swift */ = {isa = PBXFileReference; lastKnownFileType = sourcecode.swift; path = AppSettings.swift; sourceTree = "<group>"; };
		7C8BCAAD9C88D81E293AD60A /* Launchd.plist */ = {isa = PBXFileReference; lastKnownFileType = text.plist; path = Launchd.plist; sourceTree = "<group>"; };
		836F39DC0B66E048D6EA455C /* HelperInstaller.swift */ = {isa = PBXFileReference; lastKnownFileType = sourcecode.swift; path = HelperInstaller.swift; sourceTree = "<group>"; };
		8505740A34F05BD6DB6F75EC /* main.swift */ = {isa = PBXFileReference; lastKnownFileType = sourcecode.swift; path = main.swift; sourceTree = "<group>"; };
		88E179E14C79DE543C0D6AC8 /* FanMonitor.swift */ = {isa = PBXFileReference; lastKnownFileType = sourcecode.swift; path = FanMonitor.swift; sourceTree = "<group>"; };
		8F554B3953C1054794D99950 /* com.timothymurphy.MacFanControl.Helper */ = {isa = PBXFileReference; includeInIndex = 0; path = com.timothymurphy.MacFanControl.Helper; sourceTree = BUILT_PRODUCTS_DIR; };
		A2DE7D07EDD2620477BE5A84 /* MacFanControl.entitlements */ = {isa = PBXFileReference; lastKnownFileType = text.plist.entitlements; path = MacFanControl.entitlements; sourceTree = "<group>"; };
		CA91A035CFBF188025BA4AB8 /* TemperatureRowView.swift */ = {isa = PBXFileReference; lastKnownFileType = sourcecode.swift; path = TemperatureRowView.swift; sourceTree = "<group>"; };
		CE97912FF28BB3CD990044E9 /* MacFanControl.app */ = {isa = PBXFileReference; explicitFileType = wrapper.application; includeInIndex = 0; path = MacFanControl.app; sourceTree = BUILT_PRODUCTS_DIR; };
		D6790BDD37571A7A0E8AD806 /* SMCKeys.swift */ = {isa = PBXFileReference; lastKnownFileType = sourcecode.swift; path = SMCKeys.swift; sourceTree = "<group>"; };
		E1364E5B9F427B4742EF6369 /* SMCTypes.swift */ = {isa = PBXFileReference; lastKnownFileType = sourcecode.swift; path = SMCTypes.swift; sourceTree = "<group>"; };
		ED35E585A369C87795697088 /* HelperConnection.swift */ = {isa = PBXFileReference; lastKnownFileType = sourcecode.swift; path = HelperConnection.swift; sourceTree = "<group>"; };
		F8360DA584BF5EE35EAAFADD /* SystemInfoView.swift */ = {isa = PBXFileReference; lastKnownFileType = sourcecode.swift; path = SystemInfoView.swift; sourceTree = "<group>"; };
		F97C70E1394D27C5E02A8E3A /* Info.plist */ = {isa = PBXFileReference; lastKnownFileType = text.plist; path = Info.plist; sourceTree = "<group>"; };
		FA36A27F0D81F320C187D438 /* HelperService.swift */ = {isa = PBXFileReference; lastKnownFileType = sourcecode.swift; path = HelperService.swift; sourceTree = "<group>"; };
/* End PBXFileReference section */

/* Begin PBXGroup section */
		08643FA425BB242AFB5CE05D /* SMC */ = {
			isa = PBXGroup;
			children = (
				10E50199B9E6E1B09F584DDB /* SMCConnection.swift */,
				D6790BDD37571A7A0E8AD806 /* SMCKeys.swift */,
				E1364E5B9F427B4742EF6369 /* SMCTypes.swift */,
			);
			path = SMC;
			sourceTree = "<group>";
		};
		10A0A740DEB89268610B5EE2 = {
			isa = PBXGroup;
			children = (
				852D6D097C124B5238915BED /* FanControlHelper */,
				82D431255CC856D37F7BA95C /* MacFanControl */,
				BFA2054487B77D0D2D980FAA /* Shared */,
				9E1499B311EE01B288F5E414 /* Products */,
			);
			sourceTree = "<group>";
		};
		33B98016D14A9C6B0EA8BCF6 /* Fan */ = {
			isa = PBXGroup;
			children = (
				25974588A47A7201ACD9281E /* FanInfo.swift */,
				88E179E14C79DE543C0D6AC8 /* FanMonitor.swift */,
				4CDCBD2E40644648C62219B3 /* SystemInfo.swift */,
				3D2D8F7F99D1732A7B470868 /* TemperatureSensor.swift */,
			);
			path = Fan;
			sourceTree = "<group>";
		};
		750125A072F63961A89D18C7 /* Views */ = {
			isa = PBXGroup;
			children = (
				03336C4CA57BE9E0D2E34A4F /* FanRowView.swift */,
				75E8DB23627266322E779C92 /* PopoverView.swift */,
				F8360DA584BF5EE35EAAFADD /* SystemInfoView.swift */,
				CA91A035CFBF188025BA4AB8 /* TemperatureRowView.swift */,
			);
			path = Views;
			sourceTree = "<group>";
		};
		82D431255CC856D37F7BA95C /* MacFanControl */ = {
			isa = PBXGroup;
			children = (
				F97C70E1394D27C5E02A8E3A /* Info.plist */,
				A2DE7D07EDD2620477BE5A84 /* MacFanControl.entitlements */,
				D06672821BA8C0D05C592474 /* App */,
				33B98016D14A9C6B0EA8BCF6 /* Fan */,
				08643FA425BB242AFB5CE05D /* SMC */,
				750125A072F63961A89D18C7 /* Views */,
				AE3349F8F1C63ADE3D47E11D /* XPC */,
			);
			path = MacFanControl;
			sourceTree = "<group>";
		};
		852D6D097C124B5238915BED /* FanControlHelper */ = {
			isa = PBXGroup;
			children = (
				651FE6EE4C0B906A04825054 /* HelperDelegate.swift */,
				FA36A27F0D81F320C187D438 /* HelperService.swift */,
				66CDB64E4594F2A746E4A5F0 /* Info.plist */,
				7C8BCAAD9C88D81E293AD60A /* Launchd.plist */,
				2A7DA63589467B23ADBD480F /* main.swift */,
			);
			path = FanControlHelper;
			sourceTree = "<group>";
		};
		9E1499B311EE01B288F5E414 /* Products */ = {
			isa = PBXGroup;
			children = (
				8F554B3953C1054794D99950 /* com.timothymurphy.MacFanControl.Helper */,
				CE97912FF28BB3CD990044E9 /* MacFanControl.app */,
			);
			name = Products;
			sourceTree = "<group>";
		};
		AE3349F8F1C63ADE3D47E11D /* XPC */ = {
			isa = PBXGroup;
			children = (
				ED35E585A369C87795697088 /* HelperConnection.swift */,
				836F39DC0B66E048D6EA455C /* HelperInstaller.swift */,
			);
			path = XPC;
			sourceTree = "<group>";
		};
		BFA2054487B77D0D2D980FAA /* Shared */ = {
			isa = PBXGroup;
			children = (
				0308092D7A07FB744FF44C9C /* HelperProtocol.swift */,
			);
			path = Shared;
			sourceTree = "<group>";
		};
		D06672821BA8C0D05C592474 /* App */ = {
			isa = PBXGroup;
			children = (
				775643F4CBB66E3CCE0D0320 /* AppSettings.swift */,
				8505740A34F05BD6DB6F75EC /* main.swift */,
				53BAA0C6C32F6477EFB91400 /* StatusBarController.swift */,
			);
			path = App;
			sourceTree = "<group>";
		};
/* End PBXGroup section */

/* Begin PBXNativeTarget section */
		23233B3F63CAD494570DD58C /* com.timothymurphy.MacFanControl.Helper */ = {
			isa = PBXNativeTarget;
			buildConfigurationList = 9C7196DB7C96D189C80D3C77 /* Build configuration list for PBXNativeTarget "com.timothymurphy.MacFanControl.Helper" */;
			buildPhases = (
				21326C11E9D4170361BFDEC9 /* Sources */,
				5A4415F390C633725724AED1 /* Resources */,
			);
			buildRules = (
			);
			dependencies = (
			);
			name = com.timothymurphy.MacFanControl.Helper;
			packageProductDependencies = (
			);
			productName = com.timothymurphy.MacFanControl.Helper;
			productReference = 8F554B3953C1054794D99950 /* com.timothymurphy.MacFanControl.Helper */;
			productType = "com.apple.product-type.tool";
		};
		434B0864D0A577165C5C2769 /* MacFanControl */ = {
			isa = PBXNativeTarget;
			buildConfigurationList = ED82D7CA06DB904A7D31290A /* Build configuration list for PBXNativeTarget "MacFanControl" */;
			buildPhases = (
				2394322E92055C2F099B9D78 /* Sources */,
				F02394168F64B99EE07A2519 /* Copy Helper Tool */,
			);
			buildRules = (
			);
			dependencies = (
				397C9E483CC1F757D96770B2 /* PBXTargetDependency */,
			);
			name = MacFanControl;
			packageProductDependencies = (
			);
			productName = MacFanControl;
			productReference = CE97912FF28BB3CD990044E9 /* MacFanControl.app */;
			productType = "com.apple.product-type.application";
		};
/* End PBXNativeTarget section */

/* Begin PBXProject section */
		CA2827B52A79D3700A0F75C5 /* Project object */ = {
			isa = PBXProject;
			attributes = {
				BuildIndependentTargetsInParallel = YES;
				LastUpgradeCheck = 1500;
				TargetAttributes = {
					23233B3F63CAD494570DD58C = {
						DevelopmentTeam = UA2RJP3TSL;
						ProvisioningStyle = Manual;
					};
					434B0864D0A577165C5C2769 = {
						DevelopmentTeam = UA2RJP3TSL;
						ProvisioningStyle = Manual;
					};
				};
			};
			buildConfigurationList = ECE3421DF2D720D7426776F3 /* Build configuration list for PBXProject "MacFanControl" */;
			compatibilityVersion = "Xcode 14.0";
			developmentRegion = en;
			hasScannedForEncodings = 0;
			knownRegions = (
				Base,
				en,
			);
			mainGroup = 10A0A740DEB89268610B5EE2;
			minimizedProjectReferenceProxies = 1;
			preferredProjectObjectVersion = 77;
			projectDirPath = "";
			projectRoot = "";
			targets = (
				434B0864D0A577165C5C2769 /* MacFanControl */,
				23233B3F63CAD494570DD58C /* com.timothymurphy.MacFanControl.Helper */,
			);
		};
/* End PBXProject section */

/* Begin PBXResourcesBuildPhase section */
		5A4415F390C633725724AED1 /* Resources */ = {
			isa = PBXResourcesBuildPhase;
			buildActionMask = 2147483647;
			files = (
				632CA5E4DC982E62BBF4287A /* Launchd.plist in Resources */,
			);
			runOnlyForDeploymentPostprocessing = 0;
		};
/* End PBXResourcesBuildPhase section */

/* Begin PBXShellScriptBuildPhase section */
		F02394168F64B99EE07A2519 /* Copy Helper Tool */ = {
			isa = PBXShellScriptBuildPhase;
			buildActionMask = 2147483647;
			files = (
			);
			inputFileListPaths = (
			);
			inputPaths = (
			);
			name = "Copy Helper Tool";
			outputFileListPaths = (
			);
			outputPaths = (
				"$(BUILT_PRODUCTS_DIR)/$(CONTENTS_FOLDER_PATH)/Library/LaunchServices/com.timothymurphy.MacFanControl.Helper",
			);
			runOnlyForDeploymentPostprocessing = 0;
			shellPath = /bin/sh;
			shellScript = "mkdir -p \"${BUILT_PRODUCTS_DIR}/${CONTENTS_FOLDER_PATH}/Library/LaunchServices\"\ncp \"${BUILT_PRODUCTS_DIR}/com.timothymurphy.MacFanControl.Helper\" \"${BUILT_PRODUCTS_DIR}/${CONTENTS_FOLDER_PATH}/Library/LaunchServices/\"\n";
		};
/* End PBXShellScriptBuildPhase section */

/* Begin PBXSourcesBuildPhase section */
		21326C11E9D4170361BFDEC9 /* Sources */ = {
			isa = PBXSourcesBuildPhase;
			buildActionMask = 2147483647;
			files = (
				D4C4273C6D7A3B2DF8AAE230 /* HelperDelegate.swift in Sources */,
				190178283C807A42769096B8 /* HelperProtocol.swift in Sources */,
				25B8882E167F0950D9512600 /* HelperService.swift in Sources */,
				7AA75EFC17661174BFCB963B /* SMCConnection.swift in Sources */,
				A3B86E446A1DDDAC2AA5628A /* SMCKeys.swift in Sources */,
				48310CF51E72B033297C7EEE /* SMCTypes.swift in Sources */,
				47675C30F5462320B4D88D5C /* main.swift in Sources */,
			);
			runOnlyForDeploymentPostprocessing = 0;
		};
		2394322E92055C2F099B9D78 /* Sources */ = {
			isa = PBXSourcesBuildPhase;
			buildActionMask = 2147483647;
			files = (
				D9FE57E3A0036AAB55A27708 /* AppSettings.swift in Sources */,
				ADA5BC9C2975C935F527E078 /* FanInfo.swift in Sources */,
				28194167FB96EA0B481A381D /* FanMonitor.swift in Sources */,
				0DD4870C706C901535485F24 /* FanRowView.swift in Sources */,
				DEEB1416F31C6CC8A67293A8 /* HelperConnection.swift in Sources */,
				C5812C24394B58FE26A9E4A1 /* HelperInstaller.swift in Sources */,
				764E676710F4416207509454 /* HelperProtocol.swift in Sources */,
				95E015C3F8C1E7AC79DB2A9D /* PopoverView.swift in Sources */,
				F2A1BE2E58AE4882B2142136 /* SMCConnection.swift in Sources */,
				71C11B908697F60F753854B1 /* SMCKeys.swift in Sources */,
				8F1E7479A037F2B43D1C5A58 /* SMCTypes.swift in Sources */,
				3DB0E675519EBB5BA5FF97F9 /* StatusBarController.swift in Sources */,
				5E82AE4D1A5F7EC28F217B00 /* SystemInfo.swift in Sources */,
				F1EA251AF512912B93F1D962 /* SystemInfoView.swift in Sources */,
				EA0446A1A75540C7125EF425 /* TemperatureRowView.swift in Sources */,
				E608304518C6AA63B4458E31 /* TemperatureSensor.swift in Sources */,
				FD47060EA70D65052C82AD06 /* main.swift in Sources */,
			);
			runOnlyForDeploymentPostprocessing = 0;
		};
/* End PBXSourcesBuildPhase section */

/* Begin PBXTargetDependency section */
		397C9E483CC1F757D96770B2 /* PBXTargetDependency */ = {
			isa = PBXTargetDependency;
			target = 23233B3F63CAD494570DD58C /* com.timothymurphy.MacFanControl.Helper */;
			targetProxy = 28E2E794E011C03D8AD72811 /* PBXContainerItemProxy */;
		};
/* End PBXTargetDependency section */

/* Begin XCBuildConfiguration section */
		5F2B8D34F071054A56EEECA6 /* Release */ = {
			isa = XCBuildConfiguration;
			buildSettings = {
				ASSETCATALOG_COMPILER_APPICON_NAME = AppIcon;
				CODE_SIGN_ENTITLEMENTS = MacFanControl/MacFanControl.entitlements;
				CODE_SIGN_IDENTITY = "Developer ID Application: Tim Murphy (UA2RJP3TSL)";
				CODE_SIGN_STYLE = Manual;
				COMBINE_HIDPI_IMAGES = YES;
				DEVELOPMENT_TEAM = UA2RJP3TSL;
				ENABLE_HARDENED_RUNTIME = YES;
				INFOPLIST_FILE = MacFanControl/Info.plist;
				LD_RUNPATH_SEARCH_PATHS = "$(inherited) @executable_path/../Frameworks";
				PRODUCT_BUNDLE_IDENTIFIER = com.timothymurphy.MacFanControl;
				SDKROOT = macosx;
			};
			name = Release;
		};
		9909CD0FF5B6E09DF54ECFDD /* Debug */ = {
			isa = XCBuildConfiguration;
			buildSettings = {
				ALWAYS_SEARCH_USER_PATHS = NO;
				CLANG_ANALYZER_NONNULL = YES;
				CLANG_ANALYZER_NUMBER_OBJECT_CONVERSION = YES_AGGRESSIVE;
				CLANG_CXX_LANGUAGE_STANDARD = "gnu++14";
				CLANG_CXX_LIBRARY = "libc++";
				CLANG_ENABLE_MODULES = YES;
				CLANG_ENABLE_OBJC_ARC = YES;
				CLANG_ENABLE_OBJC_WEAK = YES;
				CLANG_WARN_BLOCK_CAPTURE_AUTORELEASING = YES;
				CLANG_WARN_BOOL_CONVERSION = YES;
				CLANG_WARN_COMMA = YES;
				CLANG_WARN_CONSTANT_CONVERSION = YES;
				CLANG_WARN_DEPRECATED_OBJC_IMPLEMENTATIONS = YES;
				CLANG_WARN_DIRECT_OBJC_ISA_USAGE = YES_ERROR;
				CLANG_WARN_DOCUMENTATION_COMMENTS = YES;
				CLANG_WARN_EMPTY_BODY = YES;
				CLANG_WARN_ENUM_CONVERSION = YES;
				CLANG_WARN_INFINITE_RECURSION = YES;
				CLANG_WARN_INT_CONVERSION = YES;
				CLANG_WARN_NON_LITERAL_NULL_CONVERSION = YES;
				CLANG_WARN_OBJC_IMPLICIT_RETAIN_SELF = YES;
				CLANG_WARN_OBJC_LITERAL_CONVERSION = YES;
				CLANG_WARN_OBJC_ROOT_CLASS = YES_ERROR;
				CLANG_WARN_QUOTED_INCLUDE_IN_FRAMEWORK_HEADER = YES;
				CLANG_WARN_RANGE_LOOP_ANALYSIS = YES;
				CLANG_WARN_STRICT_PROTOTYPES = YES;
				CLANG_WARN_SUSPICIOUS_MOVE = YES;
				CLANG_WARN_UNGUARDED_AVAILABILITY = YES_AGGRESSIVE;
				CLANG_WARN_UNREACHABLE_CODE = YES;
				CLANG_WARN__DUPLICATE_METHOD_MATCH = YES;
				COPY_PHASE_STRIP = NO;
				DEBUG_INFORMATION_FORMAT = dwarf;
				ENABLE_STRICT_OBJC_MSGSEND = YES;
				ENABLE_TESTABILITY = YES;
				GCC_C_LANGUAGE_STANDARD = gnu11;
				GCC_DYNAMIC_NO_PIC = NO;
				GCC_NO_COMMON_BLOCKS = YES;
				GCC_OPTIMIZATION_LEVEL = 0;
				GCC_PREPROCESSOR_DEFINITIONS = (
					"$(inherited)",
					"DEBUG=1",
				);
				GCC_WARN_64_TO_32_BIT_CONVERSION = YES;
				GCC_WARN_ABOUT_RETURN_TYPE = YES_ERROR;
				GCC_WARN_UNDECLARED_SELECTOR = YES;
				GCC_WARN_UNINITIALIZED_AUTOS = YES_AGGRESSIVE;
				GCC_WARN_UNUSED_FUNCTION = YES;
				GCC_WARN_UNUSED_VARIABLE = YES;
				MACOSX_DEPLOYMENT_TARGET = 13.0;
				MTL_ENABLE_DEBUG_INFO = INCLUDE_SOURCE;
				MTL_FAST_MATH = YES;
				ONLY_ACTIVE_ARCH = YES;
				PRODUCT_NAME = "$(TARGET_NAME)";
				SDKROOT = macosx;
				SWIFT_ACTIVE_COMPILATION_CONDITIONS = DEBUG;
				SWIFT_OPTIMIZATION_LEVEL = "-Onone";
				SWIFT_VERSION = 5.9;
			};
			name = Debug;
		};
		9AA6DCD574624598D92CA2C6 /* Debug */ = {
			isa = XCBuildConfiguration;
			buildSettings = {
				ASSETCATALOG_COMPILER_APPICON_NAME = AppIcon;
				CODE_SIGN_ENTITLEMENTS = MacFanControl/MacFanControl.entitlements;
				CODE_SIGN_IDENTITY = "Developer ID Application: Tim Murphy (UA2RJP3TSL)";
				CODE_SIGN_STYLE = Manual;
				COMBINE_HIDPI_IMAGES = YES;
				DEVELOPMENT_TEAM = UA2RJP3TSL;
				ENABLE_HARDENED_RUNTIME = YES;
				INFOPLIST_FILE = MacFanControl/Info.plist;
				LD_RUNPATH_SEARCH_PATHS = "$(inherited) @executable_path/../Frameworks";
				PRODUCT_BUNDLE_IDENTIFIER = com.timothymurphy.MacFanControl;
				SDKROOT = macosx;
			};
			name = Debug;
		};
		B0C3525DF02E1CFDBB79A4F0 /* Release */ = {
			isa = XCBuildConfiguration;
			buildSettings = {
				ALWAYS_SEARCH_USER_PATHS = NO;
				CLANG_ANALYZER_NONNULL = YES;
				CLANG_ANALYZER_NUMBER_OBJECT_CONVERSION = YES_AGGRESSIVE;
				CLANG_CXX_LANGUAGE_STANDARD = "gnu++14";
				CLANG_CXX_LIBRARY = "libc++";
				CLANG_ENABLE_MODULES = YES;
				CLANG_ENABLE_OBJC_ARC = YES;
				CLANG_ENABLE_OBJC_WEAK = YES;
				CLANG_WARN_BLOCK_CAPTURE_AUTORELEASING = YES;
				CLANG_WARN_BOOL_CONVERSION = YES;
				CLANG_WARN_COMMA = YES;
				CLANG_WARN_CONSTANT_CONVERSION = YES;
				CLANG_WARN_DEPRECATED_OBJC_IMPLEMENTATIONS = YES;
				CLANG_WARN_DIRECT_OBJC_ISA_USAGE = YES_ERROR;
				CLANG_WARN_DOCUMENTATION_COMMENTS = YES;
				CLANG_WARN_EMPTY_BODY = YES;
				CLANG_WARN_ENUM_CONVERSION = YES;
				CLANG_WARN_INFINITE_RECURSION = YES;
				CLANG_WARN_INT_CONVERSION = YES;
				CLANG_WARN_NON_LITERAL_NULL_CONVERSION = YES;
				CLANG_WARN_OBJC_IMPLICIT_RETAIN_SELF = YES;
				CLANG_WARN_OBJC_LITERAL_CONVERSION = YES;
				CLANG_WARN_OBJC_ROOT_CLASS = YES_ERROR;
				CLANG_WARN_QUOTED_INCLUDE_IN_FRAMEWORK_HEADER = YES;
				CLANG_WARN_RANGE_LOOP_ANALYSIS = YES;
				CLANG_WARN_STRICT_PROTOTYPES = YES;
				CLANG_WARN_SUSPICIOUS_MOVE = YES;
				CLANG_WARN_UNGUARDED_AVAILABILITY = YES_AGGRESSIVE;
				CLANG_WARN_UNREACHABLE_CODE = YES;
				CLANG_WARN__DUPLICATE_METHOD_MATCH = YES;
				COPY_PHASE_STRIP = NO;
				DEBUG_INFORMATION_FORMAT = "dwarf-with-dsym";
				ENABLE_NS_ASSERTIONS = NO;
				ENABLE_STRICT_OBJC_MSGSEND = YES;
				GCC_C_LANGUAGE_STANDARD = gnu11;
				GCC_NO_COMMON_BLOCKS = YES;
				GCC_WARN_64_TO_32_BIT_CONVERSION = YES;
				GCC_WARN_ABOUT_RETURN_TYPE = YES_ERROR;
				GCC_WARN_UNDECLARED_SELECTOR = YES;
				GCC_WARN_UNINITIALIZED_AUTOS = YES_AGGRESSIVE;
				GCC_WARN_UNUSED_FUNCTION = YES;
				GCC_WARN_UNUSED_VARIABLE = YES;
				MACOSX_DEPLOYMENT_TARGET = 13.0;
				MTL_ENABLE_DEBUG_INFO = NO;
				MTL_FAST_MATH = YES;
				PRODUCT_NAME = "$(TARGET_NAME)";
				SDKROOT = macosx;
				SWIFT_COMPILATION_MODE = wholemodule;
				SWIFT_OPTIMIZATION_LEVEL = "-O";
				SWIFT_VERSION = 5.9;
			};
			name = Release;
		};
		BF2B8508A53C558668ED192C /* Debug */ = {
			isa = XCBuildConfiguration;
			buildSettings = {
				CODE_SIGN_IDENTITY = "Developer ID Application: Tim Murphy (UA2RJP3TSL)";
				CODE_SIGN_STYLE = Manual;
				COMBINE_HIDPI_IMAGES = YES;
				CREATE_INFOPLIST_SECTION_IN_BINARY = YES;
				DEVELOPMENT_TEAM = UA2RJP3TSL;
				ENABLE_HARDENED_RUNTIME = YES;
				INFOPLIST_FILE = FanControlHelper/Info.plist;
				INFOPLIST_OTHER_PREPROCESSOR_FLAGS = "";
				LD_RUNPATH_SEARCH_PATHS = (
					"$(inherited)",
					"@executable_path/../Frameworks",
				);
				OTHER_LDFLAGS = "-sectcreate __TEXT __launchd_plist $(SRCROOT)/FanControlHelper/Launchd.plist";
				PRODUCT_BUNDLE_IDENTIFIER = com.timothymurphy.MacFanControl.Helper;
				PRODUCT_NAME = com.timothymurphy.MacFanControl.Helper;
				SDKROOT = macosx;
			};
			name = Debug;
		};
		E5B260DAB7892F4A53F79EB7 /* Release */ = {
			isa = XCBuildConfiguration;
			buildSettings = {
				CODE_SIGN_IDENTITY = "Developer ID Application: Tim Murphy (UA2RJP3TSL)";
				CODE_SIGN_STYLE = Manual;
				COMBINE_HIDPI_IMAGES = YES;
				CREATE_INFOPLIST_SECTION_IN_BINARY = YES;
				DEVELOPMENT_TEAM = UA2RJP3TSL;
				ENABLE_HARDENED_RUNTIME = YES;
				INFOPLIST_FILE = FanControlHelper/Info.plist;
				INFOPLIST_OTHER_PREPROCESSOR_FLAGS = "";
				LD_RUNPATH_SEARCH_PATHS = (
					"$(inherited)",
					"@executable_path/../Frameworks",
				);
				OTHER_LDFLAGS = "-sectcreate __TEXT __launchd_plist $(SRCROOT)/FanControlHelper/Launchd.plist";
				PRODUCT_BUNDLE_IDENTIFIER = com.timothymurphy.MacFanControl.Helper;
				PRODUCT_NAME = com.timothymurphy.MacFanControl.Helper;
				SDKROOT = macosx;
			};
			name = Release;
		};
/* End XCBuildConfiguration section */

/* Begin XCConfigurationList section */
		9C7196DB7C96D189C80D3C77 /* Build configuration list for PBXNativeTarget "com.timothymurphy.MacFanControl.Helper" */ = {
			isa = XCConfigurationList;
			buildConfigurations = (
				BF2B8508A53C558668ED192C /* Debug */,
				E5B260DAB7892F4A53F79EB7 /* Release */,
			);
			defaultConfigurationIsVisible = 0;
			defaultConfigurationName = Debug;
		};
		ECE3421DF2D720D7426776F3 /* Build configuration list for PBXProject "MacFanControl" */ = {
			isa = XCConfigurationList;
			buildConfigurations = (
				9909CD0FF5B6E09DF54ECFDD /* Debug */,
				B0C3525DF02E1CFDBB79A4F0 /* Release */,
			);
			defaultConfigurationIsVisible = 0;
			defaultConfigurationName = Debug;
		};
		ED82D7CA06DB904A7D31290A /* Build configuration list for PBXNativeTarget "MacFanControl" */ = {
			isa = XCConfigurationList;
			buildConfigurations = (
				9AA6DCD574624598D92CA2C6 /* Debug */,
				5F2B8D34F071054A56EEECA6 /* Release */,
			);
			defaultConfigurationIsVisible = 0;
			defaultConfigurationName = Debug;
		};
/* End XCConfigurationList section */
	};
	rootObject = CA2827B52A79D3700A0F75C5 /* Project object */;
}
